
Microsoft Visual Studio Solution File, Format Version 12.00
Project("{FAE04EC0-301F-11D3-BF4B-00C04F79EFBC}") = "Identity_AspNet", "Identity_AspNet\Identity_AspNet.csproj", "{6455F26E-E32C-4346-97A0-D68B082C1936}"
EndProject
Global
	GlobalSection(SolutionConfigurationPlatforms) = preSolution
		Debug|Any CPU = Debug|Any CPU
		Release|Any CPU = Release|Any CPU
	EndGlobalSection
	GlobalSection(ProjectConfigurationPlatforms) = postSolution
		{6455F26E-E32C-4346-97A0-D68B082C1936}.Debug|Any CPU.ActiveCfg = Debug|Any CPU
		{6455F26E-E32C-4346-97A0-D68B082C1936}.Debug|Any CPU.Build.0 = Debug|Any CPU
		{6455F26E-E32C-4346-97A0-D68B082C1936}.Release|Any CPU.ActiveCfg = Release|Any CPU
		{6455F26E-E32C-4346-97A0-D68B082C1936}.Release|Any CPU.Build.0 = Release|Any CPU
	EndGlobalSection
EndGlobal
